lockfileVersion: '9.0'

settings:
  autoInstallPeers: true
  excludeLinksFromLockfile: false

importers:

  .:
    devDependencies:
      typescript:
        specifier: ^5.3.3
        version: 5.8.2

  packages/app:
    dependencies:
      '@my-project/ui-lib':
        specifier: workspace:^1.0.0
        version: link:../ui-lib
      react:
        specifier: ^19.0.0
        version: 19.0.0
      react-dom:
        specifier: ^19.0.0
        version: 19.0.0(react@19.0.0)
    devDependencies:
      '@rsbuild/core':
        specifier: ^0.4.12
        version: 0.4.15
      '@rsbuild/plugin-react':
        specifier: ^0.4.12
        version: 0.4.15(@rsbuild/core@0.4.15)(@swc/helpers@0.5.3)
      '@tailwindcss/postcss':
        specifier: ^4.0.14
        version: 4.0.14
      '@types/react':
        specifier: ^19.0.0
        version: 19.0.10
      '@types/react-dom':
        specifier: ^19.0.0
        version: 19.0.4(@types/react@19.0.10)
      autoprefixer:
        specifier: ^10.4.16
        version: 10.4.21(postcss@8.5.3)
      postcss:
        specifier: ^8.4.32
        version: 8.5.3
      tailwindcss:
        specifier: ^4.0.14
        version: 4.0.14
      typescript:
        specifier: ^5.3.3
        version: 5.8.2

  packages/ui-lib:
    dependencies:
      class-variance-authority:
        specifier: ^0.7.0
        version: 0.7.1
      clsx:
        specifier: ^2.1.0
        version: 2.1.1
      tailwind-merge:
        specifier: ^2.2.0
        version: 2.6.0
    devDependencies:
      '@rsbuild/core':
        specifier: ^0.4.12
        version: 0.4.15
      '@rsbuild/plugin-react':
        specifier: ^0.4.12
        version: 0.4.15(@rsbuild/core@0.4.15)(@swc/helpers@0.5.3)
      '@types/react':
        specifier: ^19.0.0
        version: 19.0.10
      '@types/react-dom':
        specifier: ^19.0.0
        version: 19.0.4(@types/react@19.0.10)
      autoprefixer:
        specifier: ^10.4.16
        version: 10.4.21(postcss@8.5.3)
      postcss:
        specifier: ^8.4.32
        version: 8.5.3
      react:
        specifier: ^19.0.0
        version: 19.0.0
      react-dom:
        specifier: ^19.0.0
        version: 19.0.0(react@19.0.0)
      tailwindcss:
        specifier: ^4.0.0
        version: 4.0.14
      typescript:
        specifier: ^5.3.3
        version: 5.8.2

packages:

  '@alloc/quick-lru@5.2.0':
    resolution: {integrity: sha512-UrcABB+4bUrFABwbluTIBErXwvbsU/V7TZWfmbgJfbkwiBuziS9gxdODUyuiecfdGQ85jglMW6juS3+z5TsKLw==}
    engines: {node: '>=10'}

  '@module-federation/runtime-tools@0.0.8':
    resolution: {integrity: sha512-tqx3wlVHnpWLk+vn22c0x9Nv1BqdZnoS6vdMb53IsVpbQIFP70nhhvymHUyFuPkoLzMFidS7GpG58DYT/4lvCw==}

  '@module-federation/runtime@0.0.8':
    resolution: {integrity: sha512-Hi9g10aHxHdQ7CbchSvke07YegYwkf162XPOmixNmJr5Oy4wVa2d9yIVSrsWFhBRbbvM5iJP6GrSuEq6HFO3ug==}

  '@module-federation/sdk@0.0.8':
    resolution: {integrity: sha512-lkasywBItjUTNT0T0IskonDE2E/2tXE9UhUCPVoDL3NteDUSFGg4tpkF+cey1pD8mHh0XJcGrCuOW7s96peeAg==}

  '@module-federation/webpack-bundler-runtime@0.0.8':
    resolution: {integrity: sha512-ULwrTVzF47+6XnWybt6SIq97viEYJRv4P/DByw5h7PSX9PxSGyMm5pHfXdhcb7tno7VknL0t2V8F48fetVL9kA==}

  '@rsbuild/core@0.4.15':
    resolution: {integrity: sha512-rQAfPt36uaOe3KYtD3/QBgvjDnY0kzGsE61/ZIEg1MdKZJ6cY5WsbS3MtzQDDM/FAXT5r/+GcFAZTKxJlgzkrQ==}
    engines: {node: '>=14.0.0'}
    hasBin: true

  '@rsbuild/plugin-react@0.4.15':
    resolution: {integrity: sha512-esZXhrIXmquWz5MCJsHCn7aJKq8X5UVCTwAc/icLoieEHkN+P1ZdSrXPxrE9+rnn1mIIlkjwtqroUodXLnZNtA==}
    peerDependencies:
      '@rsbuild/core': ^0.4.15

  '@rsbuild/shared@0.4.15':
    resolution: {integrity: sha512-INItMj+7QotcbJzm5CCTZQSy8EGkbGeND3Gu+kd7ZD/tU0F9yAh0MNyCGuqVWXivqUS9qEO/y7Ln9Td51XWrEw==}

  '@rspack/binding-darwin-arm64@0.5.7':
    resolution: {integrity: sha512-zYTMILRyrON25MW7ifEhkZ6jL33mz8bAHTOhgR8yMpYVJjrKu60+s1qPa+t+GkaH7nNnVmzkTVGECCvaA75hJQ==}
    cpu: [arm64]
    os: [darwin]

  '@rspack/binding-darwin-x64@0.5.7':
    resolution: {integrity: sha512-4THSPWVKPMSSD/y3/TWZ5xlSeh1B33I+YnBu/Y3lDFcFrFPtc3ojIDHw3is6l2wcACX6Rro4RgN6zcUij7eEmQ==}
    cpu: [x64]
    os: [darwin]

  '@rspack/binding-linux-arm64-gnu@0.5.7':
    resolution: {integrity: sha512-JB9FAYWjYAeNCPFh0mQu3SZdFHiA+EY37z1AktLDl789SoEec2HPGkvvOs+OIET1pKWgjUGD4Z4Uq4P/r5JFNA==}
    cpu: [arm64]
    os: [linux]

  '@rspack/binding-linux-arm64-musl@0.5.7':
    resolution: {integrity: sha512-3fNhPvA9Kj/L7rwr2Pj1bvxWBLBgqfkqSvt91iUxPbxgfTiSBQh0Tfb9+hkHv2VCTyNQI/vytkOH+4i4DNXCBw==}
    cpu: [arm64]
    os: [linux]

  '@rspack/binding-linux-x64-gnu@0.5.7':
    resolution: {integrity: sha512-y/GnXt1hhbKSqzBSy+ALWwievlejQhIIF8FPXL1kKFh60zl7DE+iYHSJ128jIJiph9dQkBnHw0ABJ5D+vbSqdA==}
    cpu: [x64]
    os: [linux]

  '@rspack/binding-linux-x64-musl@0.5.7':
    resolution: {integrity: sha512-US/FUv6cvbxbe4nymINwer/EQTvGEgCaAIrvKuAP0yAfK0eyqIHYZj/zCBM2qOS69Mpc2FWVMC/ftRyCvAz/xw==}
    cpu: [x64]
    os: [linux]

  '@rspack/binding-win32-arm64-msvc@0.5.7':
    resolution: {integrity: sha512-g7NWXa5EGvh6j1VPXGOFaWuOVxdPYYLh3wpUl46Skrd6qFZKB2r+yNhuXo6lqezwYvbtHEDrmFOHF2S6epXO5g==}
    cpu: [arm64]
    os: [win32]

  '@rspack/binding-win32-ia32-msvc@0.5.7':
    resolution: {integrity: sha512-5Udt4pYpPSd1wlbVKTdWzjha8oV+FQ/EXILHhoS9G7l9rbpqhMs6oIqAgEavQS3t6fKtQU837b+MSBNprudTtw==}
    cpu: [ia32]
    os: [win32]

  '@rspack/binding-win32-x64-msvc@0.5.7':
    resolution: {integrity: sha512-tB/SB27BBDVV0+GpEUHkl2uanCP4Jk/hlnbvl5u6lSGcIxCFm+da4OsyiGDRE24bSEdMc91dmyWVlx5425je+A==}
    cpu: [x64]
    os: [win32]

  '@rspack/binding@0.5.7':
    resolution: {integrity: sha512-47MX6wNF1lP/LdShPVhbg689FX1W96Zji7QgbxhRhXmkpOKor7gdajhxqszFHxHYJtqNTLA9BSG38rpIGxJ+fw==}

  '@rspack/core@0.5.7':
    resolution: {integrity: sha512-gUF0PcanPrC2cVfFA4e+qmG66X7FkEKlRbnaUfB4LKw9JQuwiMOXCAtrBdveDjB89KE/3cw/nuYVQwd106uqWA==}
    engines: {node: '>=16.0.0'}
    peerDependencies:
      '@swc/helpers': '>=0.5.1'
    peerDependenciesMeta:
      '@swc/helpers':
        optional: true

  '@rspack/plugin-react-refresh@0.5.7':
    resolution: {integrity: sha512-VDVzr0vkBpCeUL7m5PZK7OqB3M+sfSrlkt/1jxFM2sleaRmukxX9Pn+nIYopDbB47HkldotP/GeXCjUwfpAKug==}
    peerDependencies:
      react-refresh: '>=0.10.0 <1.0.0'
    peerDependenciesMeta:
      react-refresh:
        optional: true

  '@swc/helpers@0.5.3':
    resolution: {integrity: sha512-FaruWX6KdudYloq1AHD/4nU+UsMTdNE8CKyrseXWEcgjDAbvkwJg2QGPAnfIJLIWsjZOSPLOAykK6fuYp4vp4A==}

  '@tailwindcss/node@4.0.14':
    resolution: {integrity: sha512-Ux9NbFkKWYE4rfUFz6M5JFLs/GEYP6ysxT8uSyPn6aTbh2K3xDE1zz++eVK4Vwx799fzMF8CID9sdHn4j/Ab8w==}

  '@tailwindcss/oxide-android-arm64@4.0.14':
    resolution: {integrity: sha512-VBFKC2rFyfJ5J8lRwjy6ub3rgpY186kAcYgiUr8ArR8BAZzMruyeKJ6mlsD22Zp5ZLcPW/FXMasJiJBx0WsdQg==}
    engines: {node: '>= 10'}
    cpu: [arm64]
    os: [android]

  '@tailwindcss/oxide-darwin-arm64@4.0.14':
    resolution: {integrity: sha512-U3XOwLrefGr2YQZ9DXasDSNWGPZBCh8F62+AExBEDMLDfvLLgI/HDzY8Oq8p/JtqkAY38sWPOaNnRwEGKU5Zmg==}
    engines: {node: '>= 10'}
    cpu: [arm64]
    os: [darwin]

  '@tailwindcss/oxide-darwin-x64@4.0.14':
    resolution: {integrity: sha512-V5AjFuc3ndWGnOi1d379UsODb0TzAS2DYIP/lwEbfvafUaD2aNZIcbwJtYu2DQqO2+s/XBvDVA+w4yUyaewRwg==}
    engines: {node: '>= 10'}
    cpu: [x64]
    os: [darwin]

  '@tailwindcss/oxide-freebsd-x64@4.0.14':
    resolution: {integrity: sha512-tXvtxbaZfcPfqBwW3f53lTcyH6EDT+1eT7yabwcfcxTs+8yTPqxsDUhrqe9MrnEzpNkd+R/QAjJapfd4tjWdLg==}
    engines: {node: '>= 10'}
    cpu: [x64]
    os: [freebsd]

  '@tailwindcss/oxide-linux-arm-gnueabihf@4.0.14':
    resolution: {integrity: sha512-cSeLNWWqIWeSTmBntQvyY2/2gcLX8rkPFfDDTQVF8qbRcRMVPLxBvFVJyfSAYRNch6ZyVH2GI6dtgALOBDpdNA==}
    engines: {node: '>= 10'}
    cpu: [arm]
    os: [linux]

  '@tailwindcss/oxide-linux-arm64-gnu@4.0.14':
    resolution: {integrity: sha512-bwDWLBalXFMDItcSXzFk6y7QKvj6oFlaY9vM+agTlwFL1n1OhDHYLZkSjaYsh6KCeG0VB0r7H8PUJVOM1LRZyg==}
    engines: {node: '>= 10'}
    cpu: [arm64]
    os: [linux]

  '@tailwindcss/oxide-linux-arm64-musl@4.0.14':
    resolution: {integrity: sha512-gVkJdnR/L6iIcGYXx64HGJRmlme2FGr/aZH0W6u4A3RgPMAb+6ELRLi+UBiH83RXBm9vwCfkIC/q8T51h8vUJQ==}
    engines: {node: '>= 10'}
    cpu: [arm64]
    os: [linux]

  '@tailwindcss/oxide-linux-x64-gnu@4.0.14':
    resolution: {integrity: sha512-EE+EQ+c6tTpzsg+LGO1uuusjXxYx0Q00JE5ubcIGfsogSKth8n8i2BcS2wYTQe4jXGs+BQs35l78BIPzgwLddw==}
    engines: {node: '>= 10'}
    cpu: [x64]
    os: [linux]

  '@tailwindcss/oxide-linux-x64-musl@4.0.14':
    resolution: {integrity: sha512-KCCOzo+L6XPT0oUp2Jwh233ETRQ/F6cwUnMnR0FvMUCbkDAzHbcyOgpfuAtRa5HD0WbTbH4pVD+S0pn1EhNfbw==}
    engines: {node: '>= 10'}
    cpu: [x64]
    os: [linux]

  '@tailwindcss/oxide-win32-arm64-msvc@4.0.14':
    resolution: {integrity: sha512-AHObFiFL9lNYcm3tZSPqa/cHGpM5wOrNmM2uOMoKppp+0Hom5uuyRh0QkOp7jftsHZdrZUpmoz0Mp6vhh2XtUg==}
    engines: {node: '>= 10'}
    cpu: [arm64]
    os: [win32]

  '@tailwindcss/oxide-win32-x64-msvc@4.0.14':
    resolution: {integrity: sha512-rNXXMDJfCJLw/ZaFTOLOHoGULxyXfh2iXTGiChFiYTSgKBKQHIGEpV0yn5N25WGzJJ+VBnRjHzlmDqRV+d//oQ==}
    engines: {node: '>= 10'}
    cpu: [x64]
    os: [win32]

  '@tailwindcss/oxide@4.0.14':
    resolution: {integrity: sha512-M8VCNyO/NBi5vJ2cRcI9u8w7Si+i76a7o1vveoGtbbjpEYJZYiyc7f2VGps/DqawO56l3tImIbq2OT/533jcrA==}
    engines: {node: '>= 10'}

  '@tailwindcss/postcss@4.0.14':
    resolution: {integrity: sha512-+uIR6KtKhla1XeIanF27KtrfYy+PX+R679v5LxbkmEZlhQe3g8rk+wKj7Xgt++rWGRuFLGMXY80Ek8JNn+kN/g==}

  '@types/react-dom@19.0.4':
    resolution: {integrity: sha512-4fSQ8vWFkg+TGhePfUzVmat3eC14TXYSsiiDSLI0dVLsrm9gZFABjPy/Qu6TKgl1tq1Bu1yDsuQgY3A3DOjCcg==}
    peerDependencies:
      '@types/react': ^19.0.0

  '@types/react@19.0.10':
    resolution: {integrity: sha512-JuRQ9KXLEjaUNjTWpzuR231Z2WpIwczOkBEIvbHNCzQefFIT0L8IqE6NV6ULLyC1SI/i234JnDoMkfg+RjQj2g==}

  autoprefixer@10.4.21:
    resolution: {integrity: sha512-O+A6LWV5LDHSJD3LjHYoNi4VLsj/Whi7k6zG12xTYaU4cQ8oxQGckXNX8cRHK5yOZ/ppVHe0ZBXGzSV9jXdVbQ==}
    engines: {node: ^10 || ^12 || >=14}
    hasBin: true
    peerDependencies:
      postcss: ^8.1.0

  browserslist@4.24.4:
    resolution: {integrity: sha512-KDi1Ny1gSePi1vm0q4oxSF8b4DR44GF4BbmS2YdhPLOEqd8pDviZOGH/GsmRwoWJ2+5Lr085X7naowMwKHDG1A==}
    engines: {node: ^6 || ^7 || ^8 || ^9 || ^10 || ^11 || ^12 || >=13.7}
    hasBin: true

  caniuse-lite@1.0.30001704:
    resolution: {integrity: sha512-+L2IgBbV6gXB4ETf0keSvLr7JUrRVbIaB/lrQ1+z8mRcQiisG5k+lG6O4n6Y5q6f5EuNfaYXKgymucphlEXQew==}

  class-variance-authority@0.7.1:
    resolution: {integrity: sha512-Ka+9Trutv7G8M6WT6SeiRWz792K5qEqIGEGzXKhAE6xOWAY6pPH8U+9IY3oCMv6kqTmLsv7Xh/2w2RigkePMsg==}

  clsx@2.1.1:
    resolution: {integrity: sha512-eYm0QWBtUrBWZWG0d386OGAw16Z995PiOVo2B7bjWSbHedGl5e0ZWaq65kOGgUSNesEIDkB9ISbTg/JK9dhCZA==}
    engines: {node: '>=6'}

  core-js@3.36.1:
    resolution: {integrity: sha512-BTvUrwxVBezj5SZ3f10ImnX2oRByMxql3EimVqMysepbC9EeMUOpLwdy6Eoili2x6E4kf+ZUB5k/+Jv55alPfA==}

  csstype@3.1.3:
    resolution: {integrity: sha512-M1uQkMl8rQK/szD0LNhtqxIPLpimGm8sOBwU7lLnCpSbTyY3yeU1Vc7l4KT5zT4s/yOxHH5O7tIuuLOCnLADRw==}

  detect-libc@2.0.3:
    resolution: {integrity: sha512-bwy0MGW55bG41VqxxypOsdSdGqLwXPI/focwgTYCFMbdUiBAxLg9CFzG08sz2aqzknwiX7Hkl0bQENjg8iLByw==}
    engines: {node: '>=8'}

  electron-to-chromium@1.5.116:
    resolution: {integrity: sha512-mufxTCJzLBQVvSdZzX1s5YAuXsN1M4tTyYxOOL1TcSKtIzQ9rjIrm7yFK80rN5dwGTePgdoABDSHpuVtRQh0Zw==}

  enhanced-resolve@5.12.0:
    resolution: {integrity: sha512-QHTXI/sZQmko1cbDoNAa3mJ5qhWUUNAq3vR0/YiD379fWQrcfuoX1+HW2S0MTt7XmoPLapdaDKUtelUSPic7hQ==}
    engines: {node: '>=10.13.0'}

  enhanced-resolve@5.18.1:
    resolution: {integrity: sha512-ZSW3ma5GkcQBIpwZTSRAI8N71Uuwgs93IezB7mf7R60tC8ZbJideoDNKjHn2O9KIlx6rkGTTEk1xUCK2E1Y2Yg==}
    engines: {node: '>=10.13.0'}

  escalade@3.2.0:
    resolution: {integrity: sha512-WUj2qlxaQtO4g6Pq5c29GTcWGDyd8itL8zTlipgECz3JesAiiOKotd8JU6otB3PACgG6xkJUyVhboMS+bje/jA==}
    engines: {node: '>=6'}

  events@3.3.0:
    resolution: {integrity: sha512-mQw+2fkQbALzQ7V0MY0IqdnXNOeTtP4r0lN9z7AAawCXgqea7bDii20AYrIBrFd/Hx0M2Ocz6S111CaFkUcb0Q==}
    engines: {node: '>=0.8.x'}

  fraction.js@4.3.7:
    resolution: {integrity: sha512-ZsDfxO51wGAXREY55a7la9LScWpwv9RxIrYABrlvOFBlH/ShPnrtsXeuUIfXKKOVicNxQ+o8JTbJvjS4M89yew==}

  glob-to-regexp@0.4.1:
    resolution: {integrity: sha512-lkX1HJXwyMcprw/5YUZc2s7DrpAiHB21/V+E1rHUrVNokkvB6bqMzT0VfV6/86ZNabt1k14YOIaT7nDvOX3Iiw==}

  graceful-fs@4.2.10:
    resolution: {integrity: sha512-9ByhssR2fPVsNZj478qUUbKfmL0+t5BDVyjShtyZZLiK7ZDAArFFfopyOTj0M05wE2tJPisA4iTnnXl2YoPvOA==}

  html-rspack-plugin@5.6.2:
    resolution: {integrity: sha512-cPGwV3odvKJ7DBAG/DxF5e0nMMvBl1zGfyDciT2xMETRrIwajwC7LtEB3cf7auoGMK6xJOOLjWJgaKHLu/FzkQ==}
    engines: {node: '>=10.13.0'}
    peerDependencies:
      '@rspack/core': 0.x || 1.x
    peerDependenciesMeta:
      '@rspack/core':
        optional: true

  jiti@2.4.2:
    resolution: {integrity: sha512-rg9zJN+G4n2nfJl5MW3BMygZX56zKPNVEYYqq7adpmMh4Jn2QNEwhvQlFy6jPVdcod7txZtKHWnyZiA3a0zP7A==}
    hasBin: true

  json-parse-even-better-errors@3.0.2:
    resolution: {integrity: sha512-fi0NG4bPjCHunUJffmLd0gxssIgkNmArMvis4iNah6Owg1MCJjWhEcDLmsK6iGkJq3tHwbDkTlce70/tmXN4cQ==}
    engines: {node: ^14.17.0 || ^16.13.0 || >=18.0.0}

  lightningcss-darwin-arm64@1.29.2:
    resolution: {integrity: sha512-cK/eMabSViKn/PG8U/a7aCorpeKLMlK0bQeNHmdb7qUnBkNPnL+oV5DjJUo0kqWsJUapZsM4jCfYItbqBDvlcA==}
    engines: {node: '>= 12.0.0'}
    cpu: [arm64]
    os: [darwin]

  lightningcss-darwin-x64@1.29.2:
    resolution: {integrity: sha512-j5qYxamyQw4kDXX5hnnCKMf3mLlHvG44f24Qyi2965/Ycz829MYqjrVg2H8BidybHBp9kom4D7DR5VqCKDXS0w==}
    engines: {node: '>= 12.0.0'}
    cpu: [x64]
    os: [darwin]

  lightningcss-freebsd-x64@1.29.2:
    resolution: {integrity: sha512-wDk7M2tM78Ii8ek9YjnY8MjV5f5JN2qNVO+/0BAGZRvXKtQrBC4/cn4ssQIpKIPP44YXw6gFdpUF+Ps+RGsCwg==}
    engines: {node: '>= 12.0.0'}
    cpu: [x64]
    os: [freebsd]

  lightningcss-linux-arm-gnueabihf@1.29.2:
    resolution: {integrity: sha512-IRUrOrAF2Z+KExdExe3Rz7NSTuuJ2HvCGlMKoquK5pjvo2JY4Rybr+NrKnq0U0hZnx5AnGsuFHjGnNT14w26sg==}
    engines: {node: '>= 12.0.0'}
    cpu: [arm]
    os: [linux]

  lightningcss-linux-arm64-gnu@1.29.2:
    resolution: {integrity: sha512-KKCpOlmhdjvUTX/mBuaKemp0oeDIBBLFiU5Fnqxh1/DZ4JPZi4evEH7TKoSBFOSOV3J7iEmmBaw/8dpiUvRKlQ==}
    engines: {node: '>= 12.0.0'}
    cpu: [arm64]
    os: [linux]

  lightningcss-linux-arm64-musl@1.29.2:
    resolution: {integrity: sha512-Q64eM1bPlOOUgxFmoPUefqzY1yV3ctFPE6d/Vt7WzLW4rKTv7MyYNky+FWxRpLkNASTnKQUaiMJ87zNODIrrKQ==}
    engines: {node: '>= 12.0.0'}
    cpu: [arm64]
    os: [linux]

  lightningcss-linux-x64-gnu@1.29.2:
    resolution: {integrity: sha512-0v6idDCPG6epLXtBH/RPkHvYx74CVziHo6TMYga8O2EiQApnUPZsbR9nFNrg2cgBzk1AYqEd95TlrsL7nYABQg==}
    engines: {node: '>= 12.0.0'}
    cpu: [x64]
    os: [linux]

  lightningcss-linux-x64-musl@1.29.2:
    resolution: {integrity: sha512-rMpz2yawkgGT8RULc5S4WiZopVMOFWjiItBT7aSfDX4NQav6M44rhn5hjtkKzB+wMTRlLLqxkeYEtQ3dd9696w==}
    engines: {node: '>= 12.0.0'}
    cpu: [x64]
    os: [linux]

  lightningcss-win32-arm64-msvc@1.29.2:
    resolution: {integrity: sha512-nL7zRW6evGQqYVu/bKGK+zShyz8OVzsCotFgc7judbt6wnB2KbiKKJwBE4SGoDBQ1O94RjW4asrCjQL4i8Fhbw==}
    engines: {node: '>= 12.0.0'}
    cpu: [arm64]
    os: [win32]

  lightningcss-win32-x64-msvc@1.29.2:
    resolution: {integrity: sha512-EdIUW3B2vLuHmv7urfzMI/h2fmlnOQBk1xlsDxkN1tCWKjNFjfLhGxYk8C8mzpSfr+A6jFFIi8fU6LbQGsRWjA==}
    engines: {node: '>= 12.0.0'}
    cpu: [x64]
    os: [win32]

  lightningcss@1.29.2:
    resolution: {integrity: sha512-6b6gd/RUXKaw5keVdSEtqFVdzWnU5jMxTUjA2bVcMNPLwSQ08Sv/UodBVtETLCn7k4S1Ibxwh7k68IwLZPgKaA==}
    engines: {node: '>= 12.0.0'}

  lodash@4.17.21:
    resolution: {integrity: sha512-v2kDEe57lecTulaDIuNTPy3Ry4gLGJ6Z1O3vE1krgXZNrsQ+LFTGHVxVjcXPs17LhbZVGedAJv8XZ1tvj5FvSg==}

  nanoid@3.3.9:
    resolution: {integrity: sha512-SppoicMGpZvbF1l3z4x7No3OlIjP7QJvC9XR7AhZr1kL133KHnKPztkKDc+Ir4aJ/1VhTySrtKhrsycmrMQfvg==}
    engines: {node: ^10 || ^12 || ^13.7 || ^14 || >=15.0.1}
    hasBin: true

  neo-async@2.6.2:
    resolution: {integrity: sha512-Yd3UES5mWCSqR+qNT93S3UoYUkqAZ9lLg8a7g9rimsWmYGK8cVToA4/sF3RrshdyV3sAGMXVUmpMYOw+dLpOuw==}

  node-releases@2.0.19:
    resolution: {integrity: sha512-xxOWJsBKtzAq7DY0J+DTzuz58K8e7sJbdgwkbMWQe8UYB6ekmsQ45q0M/tJDsGaZmbC+l7n57UV8Hl5tHxO9uw==}

  normalize-range@0.1.2:
    resolution: {integrity: sha512-bdok/XvKII3nUpklnV6P2hxtMNrCboOjAcyBuQnWEhO665FwrSNRxU+AqpsyvO6LgGYPspN+lu5CLtw4jPRKNA==}
    engines: {node: '>=0.10.0'}

  picocolors@1.1.1:
    resolution: {integrity: sha512-xceH2snhtb5M9liqDsmEw56le376mTZkEX/jEb/RxNFyegNul7eNslCXP9FDj/Lcu0X8KEyMceP2ntpaHrDEVA==}

  postcss-value-parser@4.2.0:
    resolution: {integrity: sha512-1NNCs6uurfkVbeXG4S8JFT9t19m45ICnif8zWLd5oPSZ50QnwMfK+H3jv408d4jw/7Bttv5axS5IiHoLaVNHeQ==}

  postcss@8.5.3:
    resolution: {integrity: sha512-dle9A3yYxlBSrt8Fu+IpjGT8SY8hN0mlaA6GY8t0P5PjIOZemULz/E2Bnm/2dcUOena75OTNkHI76uZBNUUq3A==}
    engines: {node: ^10 || ^12 || >=14}

  react-dom@19.0.0:
    resolution: {integrity: sha512-4GV5sHFG0e/0AD4X+ySy6UJd3jVl1iNsNHdpad0qhABJ11twS3TTBnseqsKurKcsNqCEFeGL3uLpVChpIO3QfQ==}
    peerDependencies:
      react: ^19.0.0

  react-refresh@0.14.2:
    resolution: {integrity: sha512-jCvmsr+1IUSMUyzOkRcvnVbX3ZYC6g9TDrDbFuFmRDq7PD4yaGbLKNQL6k2jnArV8hjYxh7hVhAZB6s9HDGpZA==}
    engines: {node: '>=0.10.0'}

  react@19.0.0:
    resolution: {integrity: sha512-V8AVnmPIICiWpGfm6GLzCR/W5FXLchHop40W4nXBmdlEceh16rCN8O8LNWm5bh5XUX91fh7KpA+W0TgMKmgTpQ==}
    engines: {node: '>=0.10.0'}

  scheduler@0.25.0:
    resolution: {integrity: sha512-xFVuu11jh+xcO7JOAGJNOXld8/TcEHK/4CituBUeUb5hqxJLj9YuemAEuvm9gQ/+pgXYfbQuqAkiYu+u7YEsNA==}

  source-map-js@1.2.1:
    resolution: {integrity: sha512-UXWMKhLOwVKb728IUtQPXxfYU+usdybtUrK/8uGE8CQMvrhOpwvzDBwj0QhSL7MQc7vIsISBG8VQ8+IDQxpfQA==}
    engines: {node: '>=0.10.0'}

  tailwind-merge@2.6.0:
    resolution: {integrity: sha512-P+Vu1qXfzediirmHOC3xKGAYeZtPcV9g76X+xg2FD4tYgR71ewMA35Y3sCz3zhiN/dwefRpJX0yBcgwi1fXNQA==}

  tailwindcss@4.0.14:
    resolution: {integrity: sha512-92YT2dpt671tFiHH/e1ok9D987N9fHD5VWoly1CdPD/Cd1HMglvZwP3nx2yTj2lbXDAHt8QssZkxTLCCTNL+xw==}

  tapable@2.2.1:
    resolution: {integrity: sha512-GNzQvQTOIP6RyTfE2Qxb8ZVlNmw0n88vp1szwWRimP02mnTsx3Wtn5qRdqY9w2XduFNUgvOwhNnQsjwCp+kqaQ==}
    engines: {node: '>=6'}

  tslib@2.8.1:
    resolution: {integrity: sha512-oJFu94HQb+KVduSUQL7wnpmqnfmLsOA/nAh6b6EH0wCEoK0/mPeXU6c3wKDV83MkOuHPRHtSXKKU99IBazS/2w==}

  typescript@5.8.2:
    resolution: {integrity: sha512-aJn6wq13/afZp/jT9QZmwEjDqqvSGp1VT5GVg+f/t6/oVyrgXM6BY1h9BRh/O5p3PlUPAe+WuiEZOmb/49RqoQ==}
    engines: {node: '>=14.17'}
    hasBin: true

  update-browserslist-db@1.1.3:
    resolution: {integrity: sha512-UxhIZQ+QInVdunkDAaiazvvT/+fXL5Osr0JZlJulepYu6Jd7qJtDZjlur0emRlT71EN3ScPoE7gvsuIKKNavKw==}
    hasBin: true
    peerDependencies:
      browserslist: '>= 4.21.0'

  watchpack@2.4.2:
    resolution: {integrity: sha512-TnbFSbcOCcDgjZ4piURLCbJ3nJhznVh9kw6F6iokjiFPl8ONxe9A6nMDVXDiNbrSfLILs6vB07F7wLBrwPYzJw==}
    engines: {node: '>=10.13.0'}

  webpack-sources@3.2.3:
    resolution: {integrity: sha512-/DyMEOrDgLKKIG0fmvtz+4dUX/3Ghozwgm6iPp8KRhvn+eQf9+Q7GWxVNMk3+uCPWfdXYC4ExGBckIXdFEfH1w==}
    engines: {node: '>=10.13.0'}

  zod-validation-error@1.3.1:
    resolution: {integrity: sha512-cNEXpla+tREtNdAnNKY4xKY1SGOn2yzyuZMu4O0RQylX9apRpUjNcPkEc3uHIAr5Ct7LenjZt6RzjEH6+JsqVQ==}
    engines: {node: '>=16.0.0'}
    peerDependencies:
      zod: ^3.18.0

  zod@3.24.2:
    resolution: {integrity: sha512-lY7CDW43ECgW9u1TcT3IoXHflywfVqDYze4waEz812jR/bZ8FHDsl7pFQoSZTz5N+2NqRXs8GBwnAwo3ZNxqhQ==}

snapshots:

  '@alloc/quick-lru@5.2.0': {}

  '@module-federation/runtime-tools@0.0.8':
    dependencies:
      '@module-federation/runtime': 0.0.8
      '@module-federation/webpack-bundler-runtime': 0.0.8

  '@module-federation/runtime@0.0.8':
    dependencies:
      '@module-federation/sdk': 0.0.8

  '@module-federation/sdk@0.0.8': {}

  '@module-federation/webpack-bundler-runtime@0.0.8':
    dependencies:
      '@module-federation/runtime': 0.0.8
      '@module-federation/sdk': 0.0.8

  '@rsbuild/core@0.4.15':
    dependencies:
      '@rsbuild/shared': 0.4.15(@swc/helpers@0.5.3)
      '@rspack/core': 0.5.7(@swc/helpers@0.5.3)
      '@swc/helpers': 0.5.3
      core-js: 3.36.1
      html-webpack-plugin: html-rspack-plugin@5.6.2(@rspack/core@0.5.7(@swc/helpers@0.5.3))
      postcss: 8.5.3

  '@rsbuild/plugin-react@0.4.15(@rsbuild/core@0.4.15)(@swc/helpers@0.5.3)':
    dependencies:
      '@rsbuild/core': 0.4.15
      '@rsbuild/shared': 0.4.15(@swc/helpers@0.5.3)
      '@rspack/plugin-react-refresh': 0.5.7(react-refresh@0.14.2)
      react-refresh: 0.14.2
    transitivePeerDependencies:
      - '@swc/helpers'

  '@rsbuild/shared@0.4.15(@swc/helpers@0.5.3)':
    dependencies:
      '@rspack/core': 0.5.7(@swc/helpers@0.5.3)
      caniuse-lite: 1.0.30001704
      postcss: 8.5.3
    transitivePeerDependencies:
      - '@swc/helpers'

  '@rspack/binding-darwin-arm64@0.5.7':
    optional: true

  '@rspack/binding-darwin-x64@0.5.7':
    optional: true

  '@rspack/binding-linux-arm64-gnu@0.5.7':
    optional: true

  '@rspack/binding-linux-arm64-musl@0.5.7':
    optional: true

  '@rspack/binding-linux-x64-gnu@0.5.7':
    optional: true

  '@rspack/binding-linux-x64-musl@0.5.7':
    optional: true

  '@rspack/binding-win32-arm64-msvc@0.5.7':
    optional: true

  '@rspack/binding-win32-ia32-msvc@0.5.7':
    optional: true

  '@rspack/binding-win32-x64-msvc@0.5.7':
    optional: true

  '@rspack/binding@0.5.7':
    optionalDependencies:
      '@rspack/binding-darwin-arm64': 0.5.7
      '@rspack/binding-darwin-x64': 0.5.7
      '@rspack/binding-linux-arm64-gnu': 0.5.7
      '@rspack/binding-linux-arm64-musl': 0.5.7
      '@rspack/binding-linux-x64-gnu': 0.5.7
      '@rspack/binding-linux-x64-musl': 0.5.7
      '@rspack/binding-win32-arm64-msvc': 0.5.7
      '@rspack/binding-win32-ia32-msvc': 0.5.7
      '@rspack/binding-win32-x64-msvc': 0.5.7

  '@rspack/core@0.5.7(@swc/helpers@0.5.3)':
    dependencies:
      '@module-federation/runtime-tools': 0.0.8
      '@rspack/binding': 0.5.7
      browserslist: 4.24.4
      enhanced-resolve: 5.12.0
      events: 3.3.0
      graceful-fs: 4.2.10
      json-parse-even-better-errors: 3.0.2
      neo-async: 2.6.2
      tapable: 2.2.1
      watchpack: 2.4.2
      webpack-sources: 3.2.3
      zod: 3.24.2
      zod-validation-error: 1.3.1(zod@3.24.2)
    optionalDependencies:
      '@swc/helpers': 0.5.3

  '@rspack/plugin-react-refresh@0.5.7(react-refresh@0.14.2)':
    optionalDependencies:
      react-refresh: 0.14.2

  '@swc/helpers@0.5.3':
    dependencies:
      tslib: 2.8.1

  '@tailwindcss/node@4.0.14':
    dependencies:
      enhanced-resolve: 5.18.1
      jiti: 2.4.2
      tailwindcss: 4.0.14

  '@tailwindcss/oxide-android-arm64@4.0.14':
    optional: true

  '@tailwindcss/oxide-darwin-arm64@4.0.14':
    optional: true

  '@tailwindcss/oxide-darwin-x64@4.0.14':
    optional: true

  '@tailwindcss/oxide-freebsd-x64@4.0.14':
    optional: true

  '@tailwindcss/oxide-linux-arm-gnueabihf@4.0.14':
    optional: true

  '@tailwindcss/oxide-linux-arm64-gnu@4.0.14':
    optional: true

  '@tailwindcss/oxide-linux-arm64-musl@4.0.14':
    optional: true

  '@tailwindcss/oxide-linux-x64-gnu@4.0.14':
    optional: true

  '@tailwindcss/oxide-linux-x64-musl@4.0.14':
    optional: true

  '@tailwindcss/oxide-win32-arm64-msvc@4.0.14':
    optional: true

  '@tailwindcss/oxide-win32-x64-msvc@4.0.14':
    optional: true

  '@tailwindcss/oxide@4.0.14':
    optionalDependencies:
      '@tailwindcss/oxide-android-arm64': 4.0.14
      '@tailwindcss/oxide-darwin-arm64': 4.0.14
      '@tailwindcss/oxide-darwin-x64': 4.0.14
      '@tailwindcss/oxide-freebsd-x64': 4.0.14
      '@tailwindcss/oxide-linux-arm-gnueabihf': 4.0.14
      '@tailwindcss/oxide-linux-arm64-gnu': 4.0.14
      '@tailwindcss/oxide-linux-arm64-musl': 4.0.14
      '@tailwindcss/oxide-linux-x64-gnu': 4.0.14
      '@tailwindcss/oxide-linux-x64-musl': 4.0.14
      '@tailwindcss/oxide-win32-arm64-msvc': 4.0.14
      '@tailwindcss/oxide-win32-x64-msvc': 4.0.14

  '@tailwindcss/postcss@4.0.14':
    dependencies:
      '@alloc/quick-lru': 5.2.0
      '@tailwindcss/node': 4.0.14
      '@tailwindcss/oxide': 4.0.14
      lightningcss: 1.29.2
      postcss: 8.5.3
      tailwindcss: 4.0.14

  '@types/react-dom@19.0.4(@types/react@19.0.10)':
    dependencies:
      '@types/react': 19.0.10

  '@types/react@19.0.10':
    dependencies:
      csstype: 3.1.3

  autoprefixer@10.4.21(postcss@8.5.3):
    dependencies:
      browserslist: 4.24.4
      caniuse-lite: 1.0.30001704
      fraction.js: 4.3.7
      normalize-range: 0.1.2
      picocolors: 1.1.1
      postcss: 8.5.3
      postcss-value-parser: 4.2.0

  browserslist@4.24.4:
    dependencies:
      caniuse-lite: 1.0.30001704
      electron-to-chromium: 1.5.116
      node-releases: 2.0.19
      update-browserslist-db: 1.1.3(browserslist@4.24.4)

  caniuse-lite@1.0.30001704: {}

  class-variance-authority@0.7.1:
    dependencies:
      clsx: 2.1.1

  clsx@2.1.1: {}

  core-js@3.36.1: {}

  csstype@3.1.3: {}

  detect-libc@2.0.3: {}

  electron-to-chromium@1.5.116: {}

  enhanced-resolve@5.12.0:
    dependencies:
      graceful-fs: 4.2.10
      tapable: 2.2.1

  enhanced-resolve@5.18.1:
    dependencies:
      graceful-fs: 4.2.10
      tapable: 2.2.1

  escalade@3.2.0: {}

  events@3.3.0: {}

  fraction.js@4.3.7: {}

  glob-to-regexp@0.4.1: {}

  graceful-fs@4.2.10: {}

  html-rspack-plugin@5.6.2(@rspack/core@0.5.7(@swc/helpers@0.5.3)):
    dependencies:
      lodash: 4.17.21
      tapable: 2.2.1
    optionalDependencies:
      '@rspack/core': 0.5.7(@swc/helpers@0.5.3)

  jiti@2.4.2: {}

  json-parse-even-better-errors@3.0.2: {}

  lightningcss-darwin-arm64@1.29.2:
    optional: true

  lightningcss-darwin-x64@1.29.2:
    optional: true

  lightningcss-freebsd-x64@1.29.2:
    optional: true

  lightningcss-linux-arm-gnueabihf@1.29.2:
    optional: true

  lightningcss-linux-arm64-gnu@1.29.2:
    optional: true

  lightningcss-linux-arm64-musl@1.29.2:
    optional: true

  lightningcss-linux-x64-gnu@1.29.2:
    optional: true

  lightningcss-linux-x64-musl@1.29.2:
    optional: true

  lightningcss-win32-arm64-msvc@1.29.2:
    optional: true

  lightningcss-win32-x64-msvc@1.29.2:
    optional: true

  lightningcss@1.29.2:
    dependencies:
      detect-libc: 2.0.3
    optionalDependencies:
      lightningcss-darwin-arm64: 1.29.2
      lightningcss-darwin-x64: 1.29.2
      lightningcss-freebsd-x64: 1.29.2
      lightningcss-linux-arm-gnueabihf: 1.29.2
      lightningcss-linux-arm64-gnu: 1.29.2
      lightningcss-linux-arm64-musl: 1.29.2
      lightningcss-linux-x64-gnu: 1.29.2
      lightningcss-linux-x64-musl: 1.29.2
      lightningcss-win32-arm64-msvc: 1.29.2
      lightningcss-win32-x64-msvc: 1.29.2

  lodash@4.17.21: {}

  nanoid@3.3.9: {}

  neo-async@2.6.2: {}

  node-releases@2.0.19: {}

  normalize-range@0.1.2: {}

  picocolors@1.1.1: {}

  postcss-value-parser@4.2.0: {}

  postcss@8.5.3:
    dependencies:
      nanoid: 3.3.9
      picocolors: 1.1.1
      source-map-js: 1.2.1

  react-dom@19.0.0(react@19.0.0):
    dependencies:
      react: 19.0.0
      scheduler: 0.25.0

  react-refresh@0.14.2: {}

  react@19.0.0: {}

  scheduler@0.25.0: {}

  source-map-js@1.2.1: {}

  tailwind-merge@2.6.0: {}

  tailwindcss@4.0.14: {}

  tapable@2.2.1: {}

  tslib@2.8.1: {}

  typescript@5.8.2: {}

  update-browserslist-db@1.1.3(browserslist@4.24.4):
    dependencies:
      browserslist: 4.24.4
      escalade: 3.2.0
      picocolors: 1.1.1

  watchpack@2.4.2:
    dependencies:
      glob-to-regexp: 0.4.1
      graceful-fs: 4.2.10

  webpack-sources@3.2.3: {}

  zod-validation-error@1.3.1(zod@3.24.2):
    dependencies:
      zod: 3.24.2

  zod@3.24.2: {}
